
Microsoft Visual Studio Solution File, Format Version 12.00
Project("{FAE04EC0-301F-11D3-BF4B-00C04F79EFBC}") = "ProjectEuler", "ProjectEuler\ProjectEuler.csproj", "{C6A65873-3D2A-46FA-A688-EFD709049BBE}"
EndProject
Project("{FAE04EC0-301F-11D3-BF4B-00C04F79EFBC}") = "EulerRunner", "EulerRunner\EulerRunner.csproj", "{02E6D6E0-ABC8-43DD-A20E-D220209A5CB2}"
EndProject
Project("{FAE04EC0-301F-11D3-BF4B-00C04F79EFBC}") = "EulerTests", "EulerTests\EulerTests.csproj", "{EF1E011B-ADEC-43B9-9722-5958A7AB8F56}"
EndProject
Global
	GlobalSection(SolutionConfigurationPlatforms) = preSolution
		Debug|Any CPU = Debug|Any CPU
		Release|Any CPU = Release|Any CPU
	EndGlobalSection
	GlobalSection(ProjectConfigurationPlatforms) = postSolution
		{C6A65873-3D2A-46FA-A688-EFD709049BBE}.Debug|Any CPU.ActiveCfg = Debug|Any CPU
		{C6A65873-3D2A-46FA-A688-EFD709049BBE}.Debug|Any CPU.Build.0 = Debug|Any CPU
		{C6A65873-3D2A-46FA-A688-EFD709049BBE}.Release|Any CPU.ActiveCfg = Release|Any CPU
		{C6A65873-3D2A-46FA-A688-EFD709049BBE}.Release|Any CPU.Build.0 = Release|Any CPU
		{02E6D6E0-ABC8-43DD-A20E-D220209A5CB2}.Debug|Any CPU.ActiveCfg = Debug|Any CPU
		{02E6D6E0-ABC8-43DD-A20E-D220209A5CB2}.Debug|Any CPU.Build.0 = Debug|Any CPU
		{02E6D6E0-ABC8-43DD-A20E-D220209A5CB2}.Release|Any CPU.ActiveCfg = Release|Any CPU
		{02E6D6E0-ABC8-43DD-A20E-D220209A5CB2}.Release|Any CPU.Build.0 = Release|Any CPU
		{EF1E011B-ADEC-43B9-9722-5958A7AB8F56}.Debug|Any CPU.ActiveCfg = Debug|Any CPU
		{EF1E011B-ADEC-43B9-9722-5958A7AB8F56}.Debug|Any CPU.Build.0 = Debug|Any CPU
		{EF1E011B-ADEC-43B9-9722-5958A7AB8F56}.Release|Any CPU.ActiveCfg = Release|Any CPU
		{EF1E011B-ADEC-43B9-9722-5958A7AB8F56}.Release|Any CPU.Build.0 = Release|Any CPU
	EndGlobalSection
EndGlobal
